
Microsoft Visual Studio Solution File, Format Version 12.00
# Visual Studio Version 17
VisualStudioVersion = 17.10.35013.160
MinimumVisualStudioVersion = 10.0.40219.1
Project("{9A19103F-16F7-4668-BE54-9A1E7A4F7556}") = "BugStore", "BugStore.csproj", "{4EFDDC75-709D-4ADB-A211-E3BF7BA69D57}"
EndProject
Global
	GlobalSection(SolutionConfigurationPlatforms) = preSolution
		Debug|Any CPU = Debug|Any CPU
		Release|Any CPU = Release|Any CPU
	EndGlobalSection
	GlobalSection(ProjectConfigurationPlatforms) = postSolution
		{4EFDDC75-709D-4ADB-A211-E3BF7BA69D57}.Debug|Any CPU.ActiveCfg = Debug|Any CPU
		{4EFDDC75-709D-4ADB-A211-E3BF7BA69D57}.Debug|Any CPU.Build.0 = Debug|Any CPU
		{4EFDDC75-709D-4ADB-A211-E3BF7BA69D57}.Release|Any CPU.ActiveCfg = Release|Any CPU
		{4EFDDC75-709D-4ADB-A211-E3BF7BA69D57}.Release|Any CPU.Build.0 = Release|Any CPU
	EndGlobalSection
	GlobalSection(SolutionProperties) = preSolution
		HideSolutionNode = FALSE
	EndGlobalSection
	GlobalSection(ExtensibilityGlobals) = postSolution
		SolutionGuid = {48540AB6-36AC-4CD1-A3E7-A3FB93C14D05}
	EndGlobalSection
EndGlobal
